
Microsoft Visual Studio Solution File, Format Version 12.00
# Visual Studio Version 17
VisualStudioVersion = 17.5.33424.131
MinimumVisualStudioVersion = 10.0.40219.1
Project("{FAE04EC0-301F-11D3-BF4B-00C04F79EFBC}") = "Portfolio.API", "Portfolio.API\Portfolio.API.csproj", "{B47BE32C-A3F7-4267-8C1F-7EECFFA9CD41}"
EndProject
Global
	GlobalSection(SolutionConfigurationPlatforms) = preSolution
		Debug|Any CPU = Debug|Any CPU
		Release|Any CPU = Release|Any CPU
	EndGlobalSection
	GlobalSection(ProjectConfigurationPlatforms) = postSolution
		{B47BE32C-A3F7-4267-8C1F-7EECFFA9CD41}.Debug|Any CPU.ActiveCfg = Debug|Any CPU
		{B47BE32C-A3F7-4267-8C1F-7EECFFA9CD41}.Debug|Any CPU.Build.0 = Debug|Any CPU
		{B47BE32C-A3F7-4267-8C1F-7EECFFA9CD41}.Release|Any CPU.ActiveCfg = Release|Any CPU
		{B47BE32C-A3F7-4267-8C1F-7EECFFA9CD41}.Release|Any CPU.Build.0 = Release|Any CPU
	EndGlobalSection
	GlobalSection(SolutionProperties) = preSolution
		HideSolutionNode = FALSE
	EndGlobalSection
	GlobalSection(ExtensibilityGlobals) = postSolution
		SolutionGuid = {99CB360B-2F29-4D88-B682-7D004C322B92}
	EndGlobalSection
EndGlobal
